
Microsoft Visual Studio Solution File, Format Version 12.00
# Visual Studio 2013
VisualStudioVersion = 12.0.30723.0
MinimumVisualStudioVersion = 10.0.40219.1
Project("{FAE04EC0-301F-11D3-BF4B-00C04F79EFBC}") = "DogWalk", "DogWalk\DogWalk.csproj", "{78C1DF2F-6849-4652-A64B-7FB1D5BBA0E8}"
EndProject
Project("{FAE04EC0-301F-11D3-BF4B-00C04F79EFBC}") = "DogWalk.Data", "DogWalk.Data\DogWalk.Data.csproj", "{EA7A2358-F4B3-4734-B15A-48D1E5986460}"
EndProject
Global
	GlobalSection(SolutionConfigurationPlatforms) = preSolution
		Debug|Any CPU = Debug|Any CPU
		Release|Any CPU = Release|Any CPU
	EndGlobalSection
	GlobalSection(ProjectConfigurationPlatforms) = postSolution
		{78C1DF2F-6849-4652-A64B-7FB1D5BBA0E8}.Debug|Any CPU.ActiveCfg = Debug|Any CPU
		{78C1DF2F-6849-4652-A64B-7FB1D5BBA0E8}.Debug|Any CPU.Build.0 = Debug|Any CPU
		{78C1DF2F-6849-4652-A64B-7FB1D5BBA0E8}.Release|Any CPU.ActiveCfg = Release|Any CPU
		{78C1DF2F-6849-4652-A64B-7FB1D5BBA0E8}.Release|Any CPU.Build.0 = Release|Any CPU
		{EA7A2358-F4B3-4734-B15A-48D1E5986460}.Debug|Any CPU.ActiveCfg = Debug|Any CPU
		{EA7A2358-F4B3-4734-B15A-48D1E5986460}.Debug|Any CPU.Build.0 = Debug|Any CPU
		{EA7A2358-F4B3-4734-B15A-48D1E5986460}.Release|Any CPU.ActiveCfg = Release|Any CPU
		{EA7A2358-F4B3-4734-B15A-48D1E5986460}.Release|Any CPU.Build.0 = Release|Any CPU
	EndGlobalSection
	GlobalSection(SolutionProperties) = preSolution
		HideSolutionNode = FALSE
	EndGlobalSection
EndGlobal
